
Microsoft Visual Studio Solution File, Format Version 12.00
# Visual Studio Version 17
VisualStudioVersion = 17.7.34202.233
MinimumVisualStudioVersion = 10.0.40219.1
Project("{8BC9CEB8-8B4A-11D0-8D11-00A0C91BC942}") = "Perceptron", "Perceptron\Perceptron.vcxproj", "{2528360F-66A1-406C-9F20-02A9C7C682D5}"
EndProject
Global
	GlobalSection(SolutionConfigurationPlatforms) = preSolution
		Debug|x64 = Debug|x64
		Release|x64 = Release|x64
	EndGlobalSection
	GlobalSection(ProjectConfigurationPlatforms) = postSolution
		{2528360F-66A1-406C-9F20-02A9C7C682D5}.Debug|x64.ActiveCfg = Debug|x64
		{2528360F-66A1-406C-9F20-02A9C7C682D5}.Debug|x64.Build.0 = Debug|x64
		{2528360F-66A1-406C-9F20-02A9C7C682D5}.Release|x64.ActiveCfg = Release|x64
		{2528360F-66A1-406C-9F20-02A9C7C682D5}.Release|x64.Build.0 = Release|x64
	EndGlobalSection
	GlobalSection(SolutionProperties) = preSolution
		HideSolutionNode = FALSE
	EndGlobalSection
	GlobalSection(ExtensibilityGlobals) = postSolution
		SolutionGuid = {B19A8B66-47D2-4825-B84A-DDC404CD74C9}
	EndGlobalSection
EndGlobal
