
Microsoft Visual Studio Solution File, Format Version 12.00
# Visual Studio Version 17
VisualStudioVersion = 17.7.34202.233
MinimumVisualStudioVersion = 10.0.40219.1
Project("{8BC9CEB8-8B4A-11D0-8D11-00A0C91BC942}") = "perceptronRead", "perceptronRead\perceptronRead.vcxproj", "{B7D98D43-3767-4B94-A7F5-69EE82A6D5AB}"
EndProject
Global
	GlobalSection(SolutionConfigurationPlatforms) = preSolution
		Debug|x64 = Debug|x64
		Release|x64 = Release|x64
	EndGlobalSection
	GlobalSection(ProjectConfigurationPlatforms) = postSolution
		{B7D98D43-3767-4B94-A7F5-69EE82A6D5AB}.Debug|x64.ActiveCfg = Debug|x64
		{B7D98D43-3767-4B94-A7F5-69EE82A6D5AB}.Debug|x64.Build.0 = Debug|x64
		{B7D98D43-3767-4B94-A7F5-69EE82A6D5AB}.Release|x64.ActiveCfg = Release|x64
		{B7D98D43-3767-4B94-A7F5-69EE82A6D5AB}.Release|x64.Build.0 = Release|x64
	EndGlobalSection
	GlobalSection(SolutionProperties) = preSolution
		HideSolutionNode = FALSE
	EndGlobalSection
	GlobalSection(ExtensibilityGlobals) = postSolution
		SolutionGuid = {8DB514CD-AD76-4F2A-B160-1E0E6529DCD1}
	EndGlobalSection
EndGlobal
