
Microsoft Visual Studio Solution File, Format Version 12.00
# Visual Studio Version 17
VisualStudioVersion = 17.7.34202.233
MinimumVisualStudioVersion = 10.0.40219.1
Project("{8BC9CEB8-8B4A-11D0-8D11-00A0C91BC942}") = "PerceptronV2", "PerceptronV2\PerceptronV2.vcxproj", "{ACD71E2F-AB5F-44D9-B94C-CE00A313524F}"
EndProject
Global
	GlobalSection(SolutionConfigurationPlatforms) = preSolution
		Debug|x64 = Debug|x64
		Release|x64 = Release|x64
	EndGlobalSection
	GlobalSection(ProjectConfigurationPlatforms) = postSolution
		{ACD71E2F-AB5F-44D9-B94C-CE00A313524F}.Debug|x64.ActiveCfg = Debug|x64
		{ACD71E2F-AB5F-44D9-B94C-CE00A313524F}.Debug|x64.Build.0 = Debug|x64
		{ACD71E2F-AB5F-44D9-B94C-CE00A313524F}.Release|x64.ActiveCfg = Release|x64
		{ACD71E2F-AB5F-44D9-B94C-CE00A313524F}.Release|x64.Build.0 = Release|x64
	EndGlobalSection
	GlobalSection(SolutionProperties) = preSolution
		HideSolutionNode = FALSE
	EndGlobalSection
	GlobalSection(ExtensibilityGlobals) = postSolution
		SolutionGuid = {2F04E86A-F9F3-4301-8A85-C96DA12D7961}
	EndGlobalSection
EndGlobal
